
Microsoft Visual Studio Solution File, Format Version 12.00
# Visual Studio Version 17
VisualStudioVersion = 17.8.34511.84
MinimumVisualStudioVersion = 10.0.40219.1
Project("{888888A0-9F3D-457C-B088-3A5042F75D52}") = "Project3", "Project3\Project3.pyproj", "{B59DBE90-F8E4-45DF-8318-862FA1F8ECD4}"
EndProject
Global
	GlobalSection(SolutionConfigurationPlatforms) = preSolution
		Debug|Any CPU = Debug|Any CPU
		Release|Any CPU = Release|Any CPU
	EndGlobalSection
	GlobalSection(ProjectConfigurationPlatforms) = postSolution
		{B59DBE90-F8E4-45DF-8318-862FA1F8ECD4}.Debug|Any CPU.ActiveCfg = Debug|Any CPU
		{B59DBE90-F8E4-45DF-8318-862FA1F8ECD4}.Release|Any CPU.ActiveCfg = Release|Any CPU
	EndGlobalSection
	GlobalSection(SolutionProperties) = preSolution
		HideSolutionNode = FALSE
	EndGlobalSection
	GlobalSection(ExtensibilityGlobals) = postSolution
		SolutionGuid = {672D2852-68BF-45E0-8DFD-2D8599712FF7}
	EndGlobalSection
EndGlobal
