
Microsoft Visual Studio Solution File, Format Version 12.00
# Visual Studio Version 17
VisualStudioVersion = 17.8.34511.84
MinimumVisualStudioVersion = 10.0.40219.1
Project("{888888A0-9F3D-457C-B088-3A5042F75D52}") = "Project4", "Project4\Project4.pyproj", "{E855E77F-DE28-4127-BF15-E49D2F3424E8}"
EndProject
Global
	GlobalSection(SolutionConfigurationPlatforms) = preSolution
		Debug|Any CPU = Debug|Any CPU
		Release|Any CPU = Release|Any CPU
	EndGlobalSection
	GlobalSection(ProjectConfigurationPlatforms) = postSolution
		{E855E77F-DE28-4127-BF15-E49D2F3424E8}.Debug|Any CPU.ActiveCfg = Debug|Any CPU
		{E855E77F-DE28-4127-BF15-E49D2F3424E8}.Release|Any CPU.ActiveCfg = Release|Any CPU
	EndGlobalSection
	GlobalSection(SolutionProperties) = preSolution
		HideSolutionNode = FALSE
	EndGlobalSection
	GlobalSection(ExtensibilityGlobals) = postSolution
		SolutionGuid = {AC968560-E018-474C-A097-7D0DF3ABFFD5}
	EndGlobalSection
EndGlobal
