
Microsoft Visual Studio Solution File, Format Version 12.00
# Visual Studio Version 17
VisualStudioVersion = 17.8.34511.84
MinimumVisualStudioVersion = 10.0.40219.1
Project("{888888A0-9F3D-457C-B088-3A5042F75D52}") = "Project5.py", "Project5.py\Project5.py.pyproj", "{73DCA227-8373-4ADB-80D1-37626A1A4AAE}"
EndProject
Global
	GlobalSection(SolutionConfigurationPlatforms) = preSolution
		Debug|Any CPU = Debug|Any CPU
		Release|Any CPU = Release|Any CPU
	EndGlobalSection
	GlobalSection(ProjectConfigurationPlatforms) = postSolution
		{73DCA227-8373-4ADB-80D1-37626A1A4AAE}.Debug|Any CPU.ActiveCfg = Debug|Any CPU
		{73DCA227-8373-4ADB-80D1-37626A1A4AAE}.Release|Any CPU.ActiveCfg = Release|Any CPU
	EndGlobalSection
	GlobalSection(SolutionProperties) = preSolution
		HideSolutionNode = FALSE
	EndGlobalSection
	GlobalSection(ExtensibilityGlobals) = postSolution
		SolutionGuid = {F7603DCE-201A-47FA-B1BE-A6B29DC73251}
	EndGlobalSection
EndGlobal
